// !$*UTF8*$!
{
	archiveVersion = 1;
	classes = {
	};
	objectVersion = 46;
	objects = {

/* Begin PBXBuildFile section */
		144D88681F6BE3E300313DBC /* AppDelegate.swift in Sources */ = {isa = PBXBuildFile; fileRef = 144D88671F6BE3E300313DBC /* AppDelegate.swift */; };
		144D886A1F6BE3E300313DBC /* ViewController.swift in Sources */ = {isa = PBXBuildFile; fileRef = 144D88691F6BE3E300313DBC /* ViewController.swift */; };
		144D886D1F6BE3E400313DBC /* Main.storyboard in Resources */ = {isa = PBXBuildFile; fileRef = 144D886B1F6BE3E300313DBC /* Main.storyboard */; };
		144D88701F6BE3E400313DBC /* FYAPPS.xcdatamodeld in Sources */ = {isa = PBXBuildFile; fileRef = 144D886E1F6BE3E400313DBC /* FYAPPS.xcdatamodeld */; };
		144D88721F6BE3E400313DBC /* Assets.xcassets in Resources */ = {isa = PBXBuildFile; fileRef = 144D88711F6BE3E400313DBC /* Assets.xcassets */; };
		144D88751F6BE3E400313DBC /* LaunchScreen.storyboard in Resources */ = {isa = PBXBuildFile; fileRef = 144D88731F6BE3E400313DBC /* LaunchScreen.storyboard */; };
		144D88841F6BF58200313DBC /* Common.swift in Sources */ = {isa = PBXBuildFile; fileRef = 144D88831F6BF58200313DBC /* Common.swift */; };
		144D88871F6BF6FB00313DBC /* FYLen.swift in Sources */ = {isa = PBXBuildFile; fileRef = 144D88861F6BF6FB00313DBC /* FYLen.swift */; };
		144D88891F6BF7A500313DBC /* FYNetwork.swift in Sources */ = {isa = PBXBuildFile; fileRef = 144D88881F6BF7A500313DBC /* FYNetwork.swift */; };
		144D888E1F6C026E00313DBC /* FYRefresh.swift in Sources */ = {isa = PBXBuildFile; fileRef = 144D888D1F6C026E00313DBC /* FYRefresh.swift */; };
		144D88A01F6C1A0200313DBC /* UIImageView+extension.swift in Sources */ = {isa = PBXBuildFile; fileRef = 144D889F1F6C1A0200313DBC /* UIImageView+extension.swift */; };
		144D88AC1F6C31AC00313DBC /* FYDevice.swift in Sources */ = {isa = PBXBuildFile; fileRef = 144D88AB1F6C31AC00313DBC /* FYDevice.swift */; };
		144D88BA1F6C321800313DBC /* CADisplayLink+extension.swift in Sources */ = {isa = PBXBuildFile; fileRef = 144D88AE1F6C321800313DBC /* CADisplayLink+extension.swift */; };
		144D88BB1F6C321800313DBC /* color+extension.swift in Sources */ = {isa = PBXBuildFile; fileRef = 144D88AF1F6C321800313DBC /* color+extension.swift */; };
		144D88BC1F6C321800313DBC /* Date+extension.swift in Sources */ = {isa = PBXBuildFile; fileRef = 144D88B01F6C321800313DBC /* Date+extension.swift */; };
		144D88BD1F6C321800313DBC /* Device+extension.swift in Sources */ = {isa = PBXBuildFile; fileRef = 144D88B11F6C321800313DBC /* Device+extension.swift */; };
		144D88BE1F6C321800313DBC /* notification+extension.swift in Sources */ = {isa = PBXBuildFile; fileRef = 144D88B21F6C321800313DBC /* notification+extension.swift */; };
		144D88BF1F6C321800313DBC /* Timer+extension.swift in Sources */ = {isa = PBXBuildFile; fileRef = 144D88B31F6C321800313DBC /* Timer+extension.swift */; };
		144D88C01F6C321800313DBC /* UIButton+extension.swift in Sources */ = {isa = PBXBuildFile; fileRef = 144D88B41F6C321800313DBC /* UIButton+extension.swift */; };
		144D88C21F6C321800313DBC /* UITableView+extension.swift in Sources */ = {isa = PBXBuildFile; fileRef = 144D88B61F6C321800313DBC /* UITableView+extension.swift */; };
		144D88C31F6C321800313DBC /* UIView+extension.swift in Sources */ = {isa = PBXBuildFile; fileRef = 144D88B71F6C321800313DBC /* UIView+extension.swift */; };
		144D88C41F6C321800313DBC /* UIViewController+extension.swift in Sources */ = {isa = PBXBuildFile; fileRef = 144D88B81F6C321800313DBC /* UIViewController+extension.swift */; };
		144D88C71F6C327A00313DBC /* UILabel+extension.swift in Sources */ = {isa = PBXBuildFile; fileRef = 144D88C61F6C327A00313DBC /* UILabel+extension.swift */; };
		144D88CB1F6C338E00313DBC /* FYUserDefault.swift in Sources */ = {isa = PBXBuildFile; fileRef = 144D88CA1F6C338E00313DBC /* FYUserDefault.swift */; };
		144D88CE1F6C381200313DBC /* FYGCD.m in Sources */ = {isa = PBXBuildFile; fileRef = 144D88CD1F6C381200313DBC /* FYGCD.m */; };
		144D88D11F6C3B8300313DBC /* UIViewController+FYViewController.m in Sources */ = {isa = PBXBuildFile; fileRef = 144D88D01F6C3B8300313DBC /* UIViewController+FYViewController.m */; };
		162944CDAA26616C029A0300 /* Pods_FYAPPS.framework in Frameworks */ = {isa = PBXBuildFile; fileRef = 85DA13DA52D1406B694A20BD /* Pods_FYAPPS.framework */; };
		1B00B74C1F7329130072E674 /* FYTextBtnCell.swift in Sources */ = {isa = PBXBuildFile; fileRef = 1B00B74B1F7329130072E674 /* FYTextBtnCell.swift */; };
		1B80AF571F6C47D0007526D5 /* UIResponder+extension.swift in Sources */ = {isa = PBXBuildFile; fileRef = 1B80AF561F6C47D0007526D5 /* UIResponder+extension.swift */; };
		1B80AF5A1F6C48E1007526D5 /* FYCollectionViewFlowLayout.swift in Sources */ = {isa = PBXBuildFile; fileRef = 1B80AF591F6C48E1007526D5 /* FYCollectionViewFlowLayout.swift */; };
		1B80AF721F6CCEC2007526D5 /* UICollectionView+extension.swift in Sources */ = {isa = PBXBuildFile; fileRef = 1B80AF711F6CCEC2007526D5 /* UICollectionView+extension.swift */; };
		1B80AF751F6CD45F007526D5 /* NSString+hash.m in Sources */ = {isa = PBXBuildFile; fileRef = 1B80AF741F6CD45F007526D5 /* NSString+hash.m */; };
		1B80AF7B1F6CD4D9007526D5 /* FYFPS.m in Sources */ = {isa = PBXBuildFile; fileRef = 1B80AF781F6CD4D9007526D5 /* FYFPS.m */; };
		1B80AF7C1F6CD4D9007526D5 /* UIWindow+FPS.m in Sources */ = {isa = PBXBuildFile; fileRef = 1B80AF7A1F6CD4D9007526D5 /* UIWindow+FPS.m */; };
		1B80AF7E1F6CD7F2007526D5 /* navigationController+extension.swift in Sources */ = {isa = PBXBuildFile; fileRef = 1B80AF7D1F6CD7F2007526D5 /* navigationController+extension.swift */; };
		1B80AF801F6CDB3A007526D5 /* scrollView+extension.swift in Sources */ = {isa = PBXBuildFile; fileRef = 1B80AF7F1F6CDB3A007526D5 /* scrollView+extension.swift */; };
		1B80AF821F6CDE2D007526D5 /* String+extension.swift in Sources */ = {isa = PBXBuildFile; fileRef = 1B80AF811F6CDE2D007526D5 /* String+extension.swift */; };
		1B80AF841F6CE13A007526D5 /* tabBarController+extension.swift in Sources */ = {isa = PBXBuildFile; fileRef = 1B80AF831F6CE13A007526D5 /* tabBarController+extension.swift */; };
		1B80AF861F6CE501007526D5 /* FYTableViewCell.swift in Sources */ = {isa = PBXBuildFile; fileRef = 1B80AF851F6CE501007526D5 /* FYTableViewCell.swift */; };
		1B80AF891F6CE5FF007526D5 /* UIAlertController+FYAlertController.m in Sources */ = {isa = PBXBuildFile; fileRef = 1B80AF881F6CE5FF007526D5 /* UIAlertController+FYAlertController.m */; };
		1B80AF8B1F6CE709007526D5 /* UIImage+extension.swift in Sources */ = {isa = PBXBuildFile; fileRef = 1B80AF8A1F6CE709007526D5 /* UIImage+extension.swift */; };
		1B80AF8D1F6D0FB1007526D5 /* UIScreen+extension.swift in Sources */ = {isa = PBXBuildFile; fileRef = 1B80AF8C1F6D0FB1007526D5 /* UIScreen+extension.swift */; };
		1B80AF8F1F6D1016007526D5 /* UITextField+extension.swift in Sources */ = {isa = PBXBuildFile; fileRef = 1B80AF8E1F6D1016007526D5 /* UITextField+extension.swift */; };
		1BDA17E11F7C826B0053DF6A /* FYViewController.swift in Sources */ = {isa = PBXBuildFile; fileRef = 1BDA17E01F7C826B0053DF6A /* FYViewController.swift */; };
		1BDA17F01F7C86040053DF6A /* FYScanerCardViewController.m in Sources */ = {isa = PBXBuildFile; fileRef = 1BDA17E41F7C86040053DF6A /* FYScanerCardViewController.m */; };
		1BDA17F11F7C86040053DF6A /* FYScanner.bundle in Resources */ = {isa = PBXBuildFile; fileRef = 1BDA17E51F7C86040053DF6A /* FYScanner.bundle */; };
		1BDA17F21F7C86040053DF6A /* FYScanner.m in Sources */ = {isa = PBXBuildFile; fileRef = 1BDA17E71F7C86040053DF6A /* FYScanner.m */; };
		1BDA17F31F7C86040053DF6A /* FYScannerBorder.m in Sources */ = {isa = PBXBuildFile; fileRef = 1BDA17E91F7C86040053DF6A /* FYScannerBorder.m */; };
		1BDA17F41F7C86040053DF6A /* FYScannerController.m in Sources */ = {isa = PBXBuildFile; fileRef = 1BDA17EB1F7C86040053DF6A /* FYScannerController.m */; };
		1BDA17F51F7C86040053DF6A /* FYScannerMaskView.m in Sources */ = {isa = PBXBuildFile; fileRef = 1BDA17ED1F7C86040053DF6A /* FYScannerMaskView.m */; };
		1BDA17F61F7C86040053DF6A /* FYScannerViewController.m in Sources */ = {isa = PBXBuildFile; fileRef = 1BDA17EF1F7C86040053DF6A /* FYScannerViewController.m */; };
		1BDA17FB1F7C89870053DF6A /* FYShowOKVC1.swift in Sources */ = {isa = PBXBuildFile; fileRef = 1BDA17F71F7C89870053DF6A /* FYShowOKVC1.swift */; };
		1BDA17FC1F7C89870053DF6A /* FYShowOKVC2.swift in Sources */ = {isa = PBXBuildFile; fileRef = 1BDA17F81F7C89870053DF6A /* FYShowOKVC2.swift */; };
		1BDA17FD1F7C89870053DF6A /* FYShowSB.storyboard in Resources */ = {isa = PBXBuildFile; fileRef = 1BDA17F91F7C89870053DF6A /* FYShowSB.storyboard */; };
		1BDA17FE1F7C89870053DF6A /* FYShowSB.swift in Sources */ = {isa = PBXBuildFile; fileRef = 1BDA17FA1F7C89870053DF6A /* FYShowSB.swift */; };
		1BDA18071F7C8F2F0053DF6A /* backgroundStar.png in Resources */ = {isa = PBXBuildFile; fileRef = 1BDA18011F7C8F2F0053DF6A /* backgroundStar.png */; };
		1BDA18081F7C8F2F0053DF6A /* backgroundStar@2x.png in Resources */ = {isa = PBXBuildFile; fileRef = 1BDA18021F7C8F2F0053DF6A /* backgroundStar@2x.png */; };
		1BDA18091F7C8F2F0053DF6A /* foregroundStar.png in Resources */ = {isa = PBXBuildFile; fileRef = 1BDA18031F7C8F2F0053DF6A /* foregroundStar.png */; };
		1BDA180A1F7C8F2F0053DF6A /* foregroundStar@2x.png in Resources */ = {isa = PBXBuildFile; fileRef = 1BDA18041F7C8F2F0053DF6A /* foregroundStar@2x.png */; };
		1BDA180B1F7C8F2F0053DF6A /* TQStarRatingView.m in Sources */ = {isa = PBXBuildFile; fileRef = 1BDA18061F7C8F2F0053DF6A /* TQStarRatingView.m */; };
		1BE5AD081F74A329001B5E64 /* DistanceStarView.m in Sources */ = {isa = PBXBuildFile; fileRef = 1BE5AD071F74A329001B5E64 /* DistanceStarView.m */; };
		1BE5AD0B1F74A37A001B5E64 /* FYSize.m in Sources */ = {isa = PBXBuildFile; fileRef = 1BE5AD0A1F74A37A001B5E64 /* FYSize.m */; };
		1BE5AD0E1F74A3B7001B5E64 /* EwenCopyLabel.m in Sources */ = {isa = PBXBuildFile; fileRef = 1BE5AD0D1F74A3B7001B5E64 /* EwenCopyLabel.m */; };
		1BE5AD1F1F74A3E9001B5E64 /* TAAbstractDotView.m in Sources */ = {isa = PBXBuildFile; fileRef = 1BE5AD121F74A3E9001B5E64 /* TAAbstractDotView.m */; };
		1BE5AD201F74A3E9001B5E64 /* TAAnimatedDotView.m in Sources */ = {isa = PBXBuildFile; fileRef = 1BE5AD141F74A3E9001B5E64 /* TAAnimatedDotView.m */; };
		1BE5AD211F74A3E9001B5E64 /* TADotView.m in Sources */ = {isa = PBXBuildFile; fileRef = 1BE5AD161F74A3E9001B5E64 /* TADotView.m */; };
		1BE5AD221F74A3E9001B5E64 /* TAPageControl.m in Sources */ = {isa = PBXBuildFile; fileRef = 1BE5AD181F74A3E9001B5E64 /* TAPageControl.m */; };
		1BE5AD231F74A3E9001B5E64 /* SDCollectionViewCell.m in Sources */ = {isa = PBXBuildFile; fileRef = 1BE5AD1A1F74A3E9001B5E64 /* SDCollectionViewCell.m */; };
		1BE5AD241F74A3E9001B5E64 /* SDCycleScrollView.m in Sources */ = {isa = PBXBuildFile; fileRef = 1BE5AD1C1F74A3E9001B5E64 /* SDCycleScrollView.m */; };
		1BE5AD251F74A3E9001B5E64 /* UIView+SDExtension.m in Sources */ = {isa = PBXBuildFile; fileRef = 1BE5AD1E1F74A3E9001B5E64 /* UIView+SDExtension.m */; };
		1BF347341F762DD300475472 /* XLImageLoading.m in Sources */ = {isa = PBXBuildFile; fileRef = 1BF3472D1F762DD300475472 /* XLImageLoading.m */; };
		1BF347351F762DD300475472 /* XLImageViewer.m in Sources */ = {isa = PBXBuildFile; fileRef = 1BF3472F1F762DD300475472 /* XLImageViewer.m */; };
		1BF347361F762DD300475472 /* XLImageViewerItem.m in Sources */ = {isa = PBXBuildFile; fileRef = 1BF347311F762DD300475472 /* XLImageViewerItem.m */; };
		1BF347371F762DD300475472 /* XLImageViewerTooBar.m in Sources */ = {isa = PBXBuildFile; fileRef = 1BF347331F762DD300475472 /* XLImageViewerTooBar.m */; };
/* End PBXBuildFile section */

/* Begin PBXFileReference section */
		144D88641F6BE3E300313DBC /* FYAPPS.app */ = {isa = PBXFileReference; explicitFileType = wrapper.application; includeInIndex = 0; path = FYAPPS.app; sourceTree = BUILT_PRODUCTS_DIR; };
		144D88671F6BE3E300313DBC /* AppDelegate.swift */ = {isa = PBXFileReference; lastKnownFileType = sourcecode.swift; path = AppDelegate.swift; sourceTree = "<group>"; };
		144D88691F6BE3E300313DBC /* ViewController.swift */ = {isa = PBXFileReference; lastKnownFileType = sourcecode.swift; path = ViewController.swift; sourceTree = "<group>"; };
		144D886C1F6BE3E300313DBC /* Base */ = {isa = PBXFileReference; lastKnownFileType = file.storyboard; name = Base; path = Base.lproj/Main.storyboard; sourceTree = "<group>"; };
		144D886F1F6BE3E400313DBC /* FYAPPS.xcdatamodel */ = {isa = PBXFileReference; lastKnownFileType = wrapper.xcdatamodel; path = FYAPPS.xcdatamodel; sourceTree = "<group>"; };
		144D88711F6BE3E400313DBC /* Assets.xcassets */ = {isa = PBXFileReference; lastKnownFileType = folder.assetcatalog; path = Assets.xcassets; sourceTree = "<group>"; };
		144D88741F6BE3E400313DBC /* Base */ = {isa = PBXFileReference; lastKnownFileType = file.storyboard; name = Base; path = Base.lproj/LaunchScreen.storyboard; sourceTree = "<group>"; };
		144D88761F6BE3E400313DBC /* Info.plist */ = {isa = PBXFileReference; lastKnownFileType = text.plist.xml; path = Info.plist; sourceTree = "<group>"; };
		144D88831F6BF58200313DBC /* Common.swift */ = {isa = PBXFileReference; fileEncoding = 4; lastKnownFileType = sourcecode.swift; path = Common.swift; sourceTree = "<group>"; };
		144D88861F6BF6FB00313DBC /* FYLen.swift */ = {isa = PBXFileReference; fileEncoding = 4; lastKnownFileType = sourcecode.swift; path = FYLen.swift; sourceTree = "<group>"; };
		144D88881F6BF7A500313DBC /* FYNetwork.swift */ = {isa = PBXFileReference; fileEncoding = 4; lastKnownFileType = sourcecode.swift; path = FYNetwork.swift; sourceTree = "<group>"; };
		144D888A1F6BF7EF00313DBC /* bridgeHeader.h */ = {isa = PBXFileReference; lastKnownFileType = sourcecode.c.h; path = bridgeHeader.h; sourceTree = "<group>"; };
		144D888D1F6C026E00313DBC /* FYRefresh.swift */ = {isa = PBXFileReference; fileEncoding = 4; lastKnownFileType = sourcecode.swift; path = FYRefresh.swift; sourceTree = "<group>"; };
		144D889F1F6C1A0200313DBC /* UIImageView+extension.swift */ = {isa = PBXFileReference; fileEncoding = 4; lastKnownFileType = sourcecode.swift; path = "UIImageView+extension.swift"; sourceTree = "<group>"; };
		144D88AB1F6C31AC00313DBC /* FYDevice.swift */ = {isa = PBXFileReference; fileEncoding = 4; lastKnownFileType = sourcecode.swift; path = FYDevice.swift; sourceTree = "<group>"; };
		144D88AE1F6C321800313DBC /* CADisplayLink+extension.swift */ = {isa = PBXFileReference; fileEncoding = 4; lastKnownFileType = sourcecode.swift; path = "CADisplayLink+extension.swift"; sourceTree = "<group>"; };
		144D88AF1F6C321800313DBC /* color+extension.swift */ = {isa = PBXFileReference; fileEncoding = 4; lastKnownFileType = sourcecode.swift; path = "color+extension.swift"; sourceTree = "<group>"; };
		144D88B01F6C321800313DBC /* Date+extension.swift */ = {isa = PBXFileReference; fileEncoding = 4; lastKnownFileType = sourcecode.swift; path = "Date+extension.swift"; sourceTree = "<group>"; };
		144D88B11F6C321800313DBC /* Device+extension.swift */ = {isa = PBXFileReference; fileEncoding = 4; lastKnownFileType = sourcecode.swift; path = "Device+extension.swift"; sourceTree = "<group>"; };
		144D88B21F6C321800313DBC /* notification+extension.swift */ = {isa = PBXFileReference; fileEncoding = 4; lastKnownFileType = sourcecode.swift; path = "notification+extension.swift"; sourceTree = "<group>"; };
		144D88B31F6C321800313DBC /* Timer+extension.swift */ = {isa = PBXFileReference; fileEncoding = 4; lastKnownFileType = sourcecode.swift; path = "Timer+extension.swift"; sourceTree = "<group>"; };
		144D88B41F6C321800313DBC /* UIButton+extension.swift */ = {isa = PBXFileReference; fileEncoding = 4; lastKnownFileType = sourcecode.swift; path = "UIButton+extension.swift"; sourceTree = "<group>"; };
		144D88B61F6C321800313DBC /* UITableView+extension.swift */ = {isa = PBXFileReference; fileEncoding = 4; lastKnownFileType = sourcecode.swift; path = "UITableView+extension.swift"; sourceTree = "<group>"; };
		144D88B71F6C321800313DBC /* UIView+extension.swift */ = {isa = PBXFileReference; fileEncoding = 4; lastKnownFileType = sourcecode.swift; path = "UIView+extension.swift"; sourceTree = "<group>"; };
		144D88B81F6C321800313DBC /* UIViewController+extension.swift */ = {isa = PBXFileReference; fileEncoding = 4; lastKnownFileType = sourcecode.swift; path = "UIViewController+extension.swift"; sourceTree = "<group>"; };
		144D88C61F6C327A00313DBC /* UILabel+extension.swift */ = {isa = PBXFileReference; fileEncoding = 4; lastKnownFileType = sourcecode.swift; path = "UILabel+extension.swift"; sourceTree = "<group>"; };
		144D88CA1F6C338E00313DBC /* FYUserDefault.swift */ = {isa = PBXFileReference; fileEncoding = 4; lastKnownFileType = sourcecode.swift; path = FYUserDefault.swift; sourceTree = "<group>"; };
		144D88CC1F6C381200313DBC /* FYGCD.h */ = {isa = PBXFileReference; fileEncoding = 4; lastKnownFileType = sourcecode.c.h; path = FYGCD.h; sourceTree = "<group>"; };
		144D88CD1F6C381200313DBC /* FYGCD.m */ = {isa = PBXFileReference; fileEncoding = 4; lastKnownFileType = sourcecode.c.objc; path = FYGCD.m; sourceTree = "<group>"; };
		144D88CF1F6C3B8300313DBC /* UIViewController+FYViewController.h */ = {isa = PBXFileReference; fileEncoding = 4; lastKnownFileType = sourcecode.c.h; path = "UIViewController+FYViewController.h"; sourceTree = "<group>"; };
		144D88D01F6C3B8300313DBC /* UIViewController+FYViewController.m */ = {isa = PBXFileReference; fileEncoding = 4; lastKnownFileType = sourcecode.c.objc; path = "UIViewController+FYViewController.m"; sourceTree = "<group>"; };
		1B00B74B1F7329130072E674 /* FYTextBtnCell.swift */ = {isa = PBXFileReference; fileEncoding = 4; lastKnownFileType = sourcecode.swift; path = FYTextBtnCell.swift; sourceTree = "<group>"; };
		1B80AF561F6C47D0007526D5 /* UIResponder+extension.swift */ = {isa = PBXFileReference; fileEncoding = 4; lastKnownFileType = sourcecode.swift; path = "UIResponder+extension.swift"; sourceTree = "<group>"; };
		1B80AF591F6C48E1007526D5 /* FYCollectionViewFlowLayout.swift */ = {isa = PBXFileReference; fileEncoding = 4; lastKnownFileType = sourcecode.swift; path = FYCollectionViewFlowLayout.swift; sourceTree = "<group>"; };
		1B80AF711F6CCEC2007526D5 /* UICollectionView+extension.swift */ = {isa = PBXFileReference; fileEncoding = 4; lastKnownFileType = sourcecode.swift; path = "UICollectionView+extension.swift"; sourceTree = "<group>"; };
		1B80AF731F6CD45F007526D5 /* NSString+hash.h */ = {isa = PBXFileReference; fileEncoding = 4; lastKnownFileType = sourcecode.c.h; path = "NSString+hash.h"; sourceTree = "<group>"; };
		1B80AF741F6CD45F007526D5 /* NSString+hash.m */ = {isa = PBXFileReference; fileEncoding = 4; lastKnownFileType = sourcecode.c.objc; path = "NSString+hash.m"; sourceTree = "<group>"; };
		1B80AF771F6CD4D9007526D5 /* FYFPS.h */ = {isa = PBXFileReference; fileEncoding = 4; lastKnownFileType = sourcecode.c.h; path = FYFPS.h; sourceTree = "<group>"; };
		1B80AF781F6CD4D9007526D5 /* FYFPS.m */ = {isa = PBXFileReference; fileEncoding = 4; lastKnownFileType = sourcecode.c.objc; path = FYFPS.m; sourceTree = "<group>"; };
		1B80AF791F6CD4D9007526D5 /* UIWindow+FPS.h */ = {isa = PBXFileReference; fileEncoding = 4; lastKnownFileType = sourcecode.c.h; path = "UIWindow+FPS.h"; sourceTree = "<group>"; };
		1B80AF7A1F6CD4D9007526D5 /* UIWindow+FPS.m */ = {isa = PBXFileReference; fileEncoding = 4; lastKnownFileType = sourcecode.c.objc; path = "UIWindow+FPS.m"; sourceTree = "<group>"; };
		1B80AF7D1F6CD7F2007526D5 /* navigationController+extension.swift */ = {isa = PBXFileReference; fileEncoding = 4; lastKnownFileType = sourcecode.swift; path = "navigationController+extension.swift"; sourceTree = "<group>"; };
		1B80AF7F1F6CDB3A007526D5 /* scrollView+extension.swift */ = {isa = PBXFileReference; fileEncoding = 4; lastKnownFileType = sourcecode.swift; path = "scrollView+extension.swift"; sourceTree = "<group>"; };
		1B80AF811F6CDE2D007526D5 /* String+extension.swift */ = {isa = PBXFileReference; fileEncoding = 4; lastKnownFileType = sourcecode.swift; path = "String+extension.swift"; sourceTree = "<group>"; };
		1B80AF831F6CE13A007526D5 /* tabBarController+extension.swift */ = {isa = PBXFileReference; fileEncoding = 4; lastKnownFileType = sourcecode.swift; path = "tabBarController+extension.swift"; sourceTree = "<group>"; };
		1B80AF851F6CE501007526D5 /* FYTableViewCell.swift */ = {isa = PBXFileReference; fileEncoding = 4; lastKnownFileType = sourcecode.swift; path = FYTableViewCell.swift; sourceTree = "<group>"; };
		1B80AF871F6CE5FF007526D5 /* UIAlertController+FYAlertController.h */ = {isa = PBXFileReference; fileEncoding = 4; lastKnownFileType = sourcecode.c.h; path = "UIAlertController+FYAlertController.h"; sourceTree = "<group>"; };
		1B80AF881F6CE5FF007526D5 /* UIAlertController+FYAlertController.m */ = {isa = PBXFileReference; fileEncoding = 4; lastKnownFileType = sourcecode.c.objc; path = "UIAlertController+FYAlertController.m"; sourceTree = "<group>"; };
		1B80AF8A1F6CE709007526D5 /* UIImage+extension.swift */ = {isa = PBXFileReference; fileEncoding = 4; lastKnownFileType = sourcecode.swift; path = "UIImage+extension.swift"; sourceTree = "<group>"; };
		1B80AF8C1F6D0FB1007526D5 /* UIScreen+extension.swift */ = {isa = PBXFileReference; fileEncoding = 4; lastKnownFileType = sourcecode.swift; path = "UIScreen+extension.swift"; sourceTree = "<group>"; };
		1B80AF8E1F6D1016007526D5 /* UITextField+extension.swift */ = {isa = PBXFileReference; fileEncoding = 4; lastKnownFileType = sourcecode.swift; path = "UITextField+extension.swift"; sourceTree = "<group>"; };
		1BDA17E01F7C826B0053DF6A /* FYViewController.swift */ = {isa = PBXFileReference; fileEncoding = 4; lastKnownFileType = sourcecode.swift; path = FYViewController.swift; sourceTree = "<group>"; };
		1BDA17E31F7C86040053DF6A /* FYScanerCardViewController.h */ = {isa = PBXFileReference; fileEncoding = 4; lastKnownFileType = sourcecode.c.h; path = FYScanerCardViewController.h; sourceTree = "<group>"; };
		1BDA17E41F7C86040053DF6A /* FYScanerCardViewController.m */ = {isa = PBXFileReference; fileEncoding = 4; lastKnownFileType = sourcecode.c.objc; path = FYScanerCardViewController.m; sourceTree = "<group>"; };
		1BDA17E51F7C86040053DF6A /* FYScanner.bundle */ = {isa = PBXFileReference; lastKnownFileType = "wrapper.plug-in"; path = FYScanner.bundle; sourceTree = "<group>"; };
		1BDA17E61F7C86040053DF6A /* FYScanner.h */ = {isa = PBXFileReference; fileEncoding = 4; lastKnownFileType = sourcecode.c.h; path = FYScanner.h; sourceTree = "<group>"; };
		1BDA17E71F7C86040053DF6A /* FYScanner.m */ = {isa = PBXFileReference; fileEncoding = 4; lastKnownFileType = sourcecode.c.objc; path = FYScanner.m; sourceTree = "<group>"; };
		1BDA17E81F7C86040053DF6A /* FYScannerBorder.h */ = {isa = PBXFileReference; fileEncoding = 4; lastKnownFileType = sourcecode.c.h; path = FYScannerBorder.h; sourceTree = "<group>"; };
		1BDA17E91F7C86040053DF6A /* FYScannerBorder.m */ = {isa = PBXFileReference; fileEncoding = 4; lastKnownFileType = sourcecode.c.objc; path = FYScannerBorder.m; sourceTree = "<group>"; };
		1BDA17EA1F7C86040053DF6A /* FYScannerController.h */ = {isa = PBXFileReference; fileEncoding = 4; lastKnownFileType = sourcecode.c.h; path = FYScannerController.h; sourceTree = "<group>"; };
		1BDA17EB1F7C86040053DF6A /* FYScannerController.m */ = {isa = PBXFileReference; fileEncoding = 4; lastKnownFileType = sourcecode.c.objc; path = FYScannerController.m; sourceTree = "<group>"; };
		1BDA17EC1F7C86040053DF6A /* FYScannerMaskView.h */ = {isa = PBXFileReference; fileEncoding = 4; lastKnownFileType = sourcecode.c.h; path = FYScannerMaskView.h; sourceTree = "<group>"; };
		1BDA17ED1F7C86040053DF6A /* FYScannerMaskView.m */ = {isa = PBXFileReference; fileEncoding = 4; lastKnownFileType = sourcecode.c.objc; path = FYScannerMaskView.m; sourceTree = "<group>"; };
		1BDA17EE1F7C86040053DF6A /* FYScannerViewController.h */ = {isa = PBXFileReference; fileEncoding = 4; lastKnownFileType = sourcecode.c.h; path = FYScannerViewController.h; sourceTree = "<group>"; };
		1BDA17EF1F7C86040053DF6A /* FYScannerViewController.m */ = {isa = PBXFileReference; fileEncoding = 4; lastKnownFileType = sourcecode.c.objc; path = FYScannerViewController.m; sourceTree = "<group>"; };
		1BDA17F71F7C89870053DF6A /* FYShowOKVC1.swift */ = {isa = PBXFileReference; fileEncoding = 4; lastKnownFileType = sourcecode.swift; path = FYShowOKVC1.swift; sourceTree = "<group>"; };
		1BDA17F81F7C89870053DF6A /* FYShowOKVC2.swift */ = {isa = PBXFileReference; fileEncoding = 4; lastKnownFileType = sourcecode.swift; path = FYShowOKVC2.swift; sourceTree = "<group>"; };
		1BDA17F91F7C89870053DF6A /* FYShowSB.storyboard */ = {isa = PBXFileReference; fileEncoding = 4; lastKnownFileType = file.storyboard; path = FYShowSB.storyboard; sourceTree = "<group>"; };
		1BDA17FA1F7C89870053DF6A /* FYShowSB.swift */ = {isa = PBXFileReference; fileEncoding = 4; lastKnownFileType = sourcecode.swift; path = FYShowSB.swift; sourceTree = "<group>"; };
		1BDA18011F7C8F2F0053DF6A /* backgroundStar.png */ = {isa = PBXFileReference; lastKnownFileType = image.png; path = backgroundStar.png; sourceTree = "<group>"; };
		1BDA18021F7C8F2F0053DF6A /* backgroundStar@2x.png */ = {isa = PBXFileReference; lastKnownFileType = image.png; path = "backgroundStar@2x.png"; sourceTree = "<group>"; };
		1BDA18031F7C8F2F0053DF6A /* foregroundStar.png */ = {isa = PBXFileReference; lastKnownFileType = image.png; path = foregroundStar.png; sourceTree = "<group>"; };
		1BDA18041F7C8F2F0053DF6A /* foregroundStar@2x.png */ = {isa = PBXFileReference; lastKnownFileType = image.png; path = "foregroundStar@2x.png"; sourceTree = "<group>"; };
		1BDA18051F7C8F2F0053DF6A /* TQStarRatingView.h */ = {isa = PBXFileReference; fileEncoding = 4; lastKnownFileType = sourcecode.c.h; path = TQStarRatingView.h; sourceTree = "<group>"; };
		1BDA18061F7C8F2F0053DF6A /* TQStarRatingView.m */ = {isa = PBXFileReference; fileEncoding = 4; lastKnownFileType = sourcecode.c.objc; path = TQStarRatingView.m; sourceTree = "<group>"; };
		1BE5AD061F74A329001B5E64 /* DistanceStarView.h */ = {isa = PBXFileReference; fileEncoding = 4; lastKnownFileType = sourcecode.c.h; path = DistanceStarView.h; sourceTree = "<group>"; };
		1BE5AD071F74A329001B5E64 /* DistanceStarView.m */ = {isa = PBXFileReference; fileEncoding = 4; lastKnownFileType = sourcecode.c.objc; path = DistanceStarView.m; sourceTree = "<group>"; };
		1BE5AD091F74A37A001B5E64 /* FYSize.h */ = {isa = PBXFileReference; fileEncoding = 4; lastKnownFileType = sourcecode.c.h; path = FYSize.h; sourceTree = "<group>"; };
		1BE5AD0A1F74A37A001B5E64 /* FYSize.m */ = {isa = PBXFileReference; fileEncoding = 4; lastKnownFileType = sourcecode.c.objc; path = FYSize.m; sourceTree = "<group>"; };
		1BE5AD0C1F74A3B7001B5E64 /* EwenCopyLabel.h */ = {isa = PBXFileReference; fileEncoding = 4; lastKnownFileType = sourcecode.c.h; path = EwenCopyLabel.h; sourceTree = "<group>"; };
		1BE5AD0D1F74A3B7001B5E64 /* EwenCopyLabel.m */ = {isa = PBXFileReference; fileEncoding = 4; lastKnownFileType = sourcecode.c.objc; path = EwenCopyLabel.m; sourceTree = "<group>"; };
		1BE5AD111F74A3E9001B5E64 /* TAAbstractDotView.h */ = {isa = PBXFileReference; fileEncoding = 4; lastKnownFileType = sourcecode.c.h; path = TAAbstractDotView.h; sourceTree = "<group>"; };
		1BE5AD121F74A3E9001B5E64 /* TAAbstractDotView.m */ = {isa = PBXFileReference; fileEncoding = 4; lastKnownFileType = sourcecode.c.objc; path = TAAbstractDotView.m; sourceTree = "<group>"; };
		1BE5AD131F74A3E9001B5E64 /* TAAnimatedDotView.h */ = {isa = PBXFileReference; fileEncoding = 4; lastKnownFileType = sourcecode.c.h; path = TAAnimatedDotView.h; sourceTree = "<group>"; };
		1BE5AD141F74A3E9001B5E64 /* TAAnimatedDotView.m */ = {isa = PBXFileReference; fileEncoding = 4; lastKnownFileType = sourcecode.c.objc; path = TAAnimatedDotView.m; sourceTree = "<group>"; };
		1BE5AD151F74A3E9001B5E64 /* TADotView.h */ = {isa = PBXFileReference; fileEncoding = 4; lastKnownFileType = sourcecode.c.h; path = TADotView.h; sourceTree = "<group>"; };
		1BE5AD161F74A3E9001B5E64 /* TADotView.m */ = {isa = PBXFileReference; fileEncoding = 4; lastKnownFileType = sourcecode.c.objc; path = TADotView.m; sourceTree = "<group>"; };
		1BE5AD171F74A3E9001B5E64 /* TAPageControl.h */ = {isa = PBXFileReference; fileEncoding = 4; lastKnownFileType = sourcecode.c.h; path = TAPageControl.h; sourceTree = "<group>"; };
		1BE5AD181F74A3E9001B5E64 /* TAPageControl.m */ = {isa = PBXFileReference; fileEncoding = 4; lastKnownFileType = sourcecode.c.objc; path = TAPageControl.m; sourceTree = "<group>"; };
		1BE5AD191F74A3E9001B5E64 /* SDCollectionViewCell.h */ = {isa = PBXFileReference; fileEncoding = 4; lastKnownFileType = sourcecode.c.h; path = SDCollectionViewCell.h; sourceTree = "<group>"; };
		1BE5AD1A1F74A3E9001B5E64 /* SDCollectionViewCell.m */ = {isa = PBXFileReference; fileEncoding = 4; lastKnownFileType = sourcecode.c.objc; path = SDCollectionViewCell.m; sourceTree = "<group>"; };
		1BE5AD1B1F74A3E9001B5E64 /* SDCycleScrollView.h */ = {isa = PBXFileReference; fileEncoding = 4; lastKnownFileType = sourcecode.c.h; path = SDCycleScrollView.h; sourceTree = "<group>"; };
		1BE5AD1C1F74A3E9001B5E64 /* SDCycleScrollView.m */ = {isa = PBXFileReference; fileEncoding = 4; lastKnownFileType = sourcecode.c.objc; path = SDCycleScrollView.m; sourceTree = "<group>"; };
		1BE5AD1D1F74A3E9001B5E64 /* UIView+SDExtension.h */ = {isa = PBXFileReference; fileEncoding = 4; lastKnownFileType = sourcecode.c.h; path = "UIView+SDExtension.h"; sourceTree = "<group>"; };
		1BE5AD1E1F74A3E9001B5E64 /* UIView+SDExtension.m */ = {isa = PBXFileReference; fileEncoding = 4; lastKnownFileType = sourcecode.c.objc; path = "UIView+SDExtension.m"; sourceTree = "<group>"; };
		1BF3472C1F762DD300475472 /* XLImageLoading.h */ = {isa = PBXFileReference; fileEncoding = 4; lastKnownFileType = sourcecode.c.h; path = XLImageLoading.h; sourceTree = "<group>"; };
		1BF3472D1F762DD300475472 /* XLImageLoading.m */ = {isa = PBXFileReference; fileEncoding = 4; lastKnownFileType = sourcecode.c.objc; path = XLImageLoading.m; sourceTree = "<group>"; };
		1BF3472E1F762DD300475472 /* XLImageViewer.h */ = {isa = PBXFileReference; fileEncoding = 4; lastKnownFileType = sourcecode.c.h; path = XLImageViewer.h; sourceTree = "<group>"; };
		1BF3472F1F762DD300475472 /* XLImageViewer.m */ = {isa = PBXFileReference; fileEncoding = 4; lastKnownFileType = sourcecode.c.objc; path = XLImageViewer.m; sourceTree = "<group>"; };
		1BF347301F762DD300475472 /* XLImageViewerItem.h */ = {isa = PBXFileReference; fileEncoding = 4; lastKnownFileType = sourcecode.c.h; path = XLImageViewerItem.h; sourceTree = "<group>"; };
		1BF347311F762DD300475472 /* XLImageViewerItem.m */ = {isa = PBXFileReference; fileEncoding = 4; lastKnownFileType = sourcecode.c.objc; path = XLImageViewerItem.m; sourceTree = "<group>"; };
		1BF347321F762DD300475472 /* XLImageViewerTooBar.h */ = {isa = PBXFileReference; fileEncoding = 4; lastKnownFileType = sourcecode.c.h; path = XLImageViewerTooBar.h; sourceTree = "<group>"; };
		1BF347331F762DD300475472 /* XLImageViewerTooBar.m */ = {isa = PBXFileReference; fileEncoding = 4; lastKnownFileType = sourcecode.c.objc; path = XLImageViewerTooBar.m; sourceTree = "<group>"; };
		628F35180C8B4FB922D754E5 /* Pods-FYAPPS.debug.xcconfig */ = {isa = PBXFileReference; includeInIndex = 1; lastKnownFileType = text.xcconfig; name = "Pods-FYAPPS.debug.xcconfig"; path = "Pods/Target Support Files/Pods-FYAPPS/Pods-FYAPPS.debug.xcconfig"; sourceTree = "<group>"; };
		85DA13DA52D1406B694A20BD /* Pods_FYAPPS.framework */ = {isa = PBXFileReference; explicitFileType = wrapper.framework; includeInIndex = 0; path = Pods_FYAPPS.framework; sourceTree = BUILT_PRODUCTS_DIR; };
		F6F71154783C218EED5567E5 /* Pods-FYAPPS.release.xcconfig */ = {isa = PBXFileReference; includeInIndex = 1; lastKnownFileType = text.xcconfig; name = "Pods-FYAPPS.release.xcconfig"; path = "Pods/Target Support Files/Pods-FYAPPS/Pods-FYAPPS.release.xcconfig"; sourceTree = "<group>"; };
/* End PBXFileReference section */

/* Begin PBXFrameworksBuildPhase section */
		144D88611F6BE3E300313DBC /* Frameworks */ = {
			isa = PBXFrameworksBuildPhase;
			buildActionMask = 2147483647;
			files = (
				162944CDAA26616C029A0300 /* Pods_FYAPPS.framework in Frameworks */,
			);
			runOnlyForDeploymentPostprocessing = 0;
		};
/* End PBXFrameworksBuildPhase section */

/* Begin PBXGroup section */
		02A9BF92C1E4E2B8EF6519C2 /* Frameworks */ = {
			isa = PBXGroup;
			children = (
				85DA13DA52D1406B694A20BD /* Pods_FYAPPS.framework */,
			);
			name = Frameworks;
			sourceTree = "<group>";
		};
		144D885B1F6BE3E300313DBC = {
			isa = PBXGroup;
			children = (
				144D88661F6BE3E300313DBC /* FYAPPS */,
				144D88651F6BE3E300313DBC /* Products */,
				61D402C65F76D8EE470147D9 /* Pods */,
				02A9BF92C1E4E2B8EF6519C2 /* Frameworks */,
			);
			sourceTree = "<group>";
		};
		144D88651F6BE3E300313DBC /* Products */ = {
			isa = PBXGroup;
			children = (
				144D88641F6BE3E300313DBC /* FYAPPS.app */,
			);
			name = Products;
			sourceTree = "<group>";
		};
		144D88661F6BE3E300313DBC /* FYAPPS */ = {
			isa = PBXGroup;
			children = (
				144D887C1F6BF19700313DBC /* FYAPPS */,
				144D88671F6BE3E300313DBC /* AppDelegate.swift */,
				144D88691F6BE3E300313DBC /* ViewController.swift */,
				144D886B1F6BE3E300313DBC /* Main.storyboard */,
				144D88711F6BE3E400313DBC /* Assets.xcassets */,
				144D88731F6BE3E400313DBC /* LaunchScreen.storyboard */,
				144D88761F6BE3E400313DBC /* Info.plist */,
				144D886E1F6BE3E400313DBC /* FYAPPS.xcdatamodeld */,
			);
			path = FYAPPS;
			sourceTree = "<group>";
		};
		144D887C1F6BF19700313DBC /* FYAPPS */ = {
			isa = PBXGroup;
			children = (
				1B80AF581F6C4898007526D5 /* IB */,
				144D88AD1F6C321800313DBC /* extension */,
				144D88851F6BF68200313DBC /* Main */,
				144D88821F6BF56500313DBC /* Common */,
				144D887F1F6BF24B00313DBC /* OC */,
				144D887E1F6BF22700313DBC /* Third */,
			);
			path = FYAPPS;
			sourceTree = "<group>";
		};
		144D887E1F6BF22700313DBC /* Third */ = {
			isa = PBXGroup;
			children = (
				144D88881F6BF7A500313DBC /* FYNetwork.swift */,
				144D888D1F6C026E00313DBC /* FYRefresh.swift */,
				144D889F1F6C1A0200313DBC /* UIImageView+extension.swift */,
			);
			path = Third;
			sourceTree = "<group>";
		};
		144D887F1F6BF24B00313DBC /* OC */ = {
			isa = PBXGroup;
			children = (
				1BDA17FF1F7C8F2F0053DF6A /* TQStarRating */,
				1BDA17E21F7C86040053DF6A /* QRCode */,
				1B80AF761F6CD4D9007526D5 /* FYFPS */,
				144D88CC1F6C381200313DBC /* FYGCD.h */,
				144D88CD1F6C381200313DBC /* FYGCD.m */,
				144D88CF1F6C3B8300313DBC /* UIViewController+FYViewController.h */,
				144D88D01F6C3B8300313DBC /* UIViewController+FYViewController.m */,
				1B80AF871F6CE5FF007526D5 /* UIAlertController+FYAlertController.h */,
				1B80AF881F6CE5FF007526D5 /* UIAlertController+FYAlertController.m */,
				1B80AF731F6CD45F007526D5 /* NSString+hash.h */,
				1B80AF741F6CD45F007526D5 /* NSString+hash.m */,
				1BE5AD061F74A329001B5E64 /* DistanceStarView.h */,
				1BE5AD071F74A329001B5E64 /* DistanceStarView.m */,
				1BE5AD091F74A37A001B5E64 /* FYSize.h */,
				1BE5AD0A1F74A37A001B5E64 /* FYSize.m */,
				1BE5AD0C1F74A3B7001B5E64 /* EwenCopyLabel.h */,
				1BE5AD0D1F74A3B7001B5E64 /* EwenCopyLabel.m */,
				1BF3472B1F762DD300475472 /* XLImageViewer */,
				1BE5AD0F1F74A3E9001B5E64 /* SDCycleScrollView */,
			);
			path = OC;
			sourceTree = "<group>";
		};
		144D88821F6BF56500313DBC /* Common */ = {
			isa = PBXGroup;
			children = (
				144D88831F6BF58200313DBC /* Common.swift */,
				144D888A1F6BF7EF00313DBC /* bridgeHeader.h */,
			);
			path = Common;
			sourceTree = "<group>";
		};
		144D88851F6BF68200313DBC /* Main */ = {
			isa = PBXGroup;
			children = (
				144D88861F6BF6FB00313DBC /* FYLen.swift */,
				144D88AB1F6C31AC00313DBC /* FYDevice.swift */,
				144D88CA1F6C338E00313DBC /* FYUserDefault.swift */,
				1B00B74B1F7329130072E674 /* FYTextBtnCell.swift */,
			);
			path = Main;
			sourceTree = "<group>";
		};
		144D88AD1F6C321800313DBC /* extension */ = {
			isa = PBXGroup;
			children = (
				144D88AE1F6C321800313DBC /* CADisplayLink+extension.swift */,
				144D88AF1F6C321800313DBC /* color+extension.swift */,
				144D88B01F6C321800313DBC /* Date+extension.swift */,
				144D88B11F6C321800313DBC /* Device+extension.swift */,
				144D88B21F6C321800313DBC /* notification+extension.swift */,
				144D88B31F6C321800313DBC /* Timer+extension.swift */,
				144D88B41F6C321800313DBC /* UIButton+extension.swift */,
				144D88C61F6C327A00313DBC /* UILabel+extension.swift */,
				144D88B61F6C321800313DBC /* UITableView+extension.swift */,
				1B80AF711F6CCEC2007526D5 /* UICollectionView+extension.swift */,
				144D88B71F6C321800313DBC /* UIView+extension.swift */,
				144D88B81F6C321800313DBC /* UIViewController+extension.swift */,
				1B80AF561F6C47D0007526D5 /* UIResponder+extension.swift */,
				1B80AF7D1F6CD7F2007526D5 /* navigationController+extension.swift */,
				1B80AF7F1F6CDB3A007526D5 /* scrollView+extension.swift */,
				1B80AF811F6CDE2D007526D5 /* String+extension.swift */,
				1B80AF831F6CE13A007526D5 /* tabBarController+extension.swift */,
				1B80AF8A1F6CE709007526D5 /* UIImage+extension.swift */,
				1B80AF8C1F6D0FB1007526D5 /* UIScreen+extension.swift */,
				1B80AF8E1F6D1016007526D5 /* UITextField+extension.swift */,
			);
			path = extension;
			sourceTree = "<group>";
		};
		1B80AF581F6C4898007526D5 /* IB */ = {
			isa = PBXGroup;
			children = (
				1B80AF591F6C48E1007526D5 /* FYCollectionViewFlowLayout.swift */,
				1B80AF851F6CE501007526D5 /* FYTableViewCell.swift */,
				1BDA17E01F7C826B0053DF6A /* FYViewController.swift */,
				1BDA17F71F7C89870053DF6A /* FYShowOKVC1.swift */,
				1BDA17F81F7C89870053DF6A /* FYShowOKVC2.swift */,
				1BDA17F91F7C89870053DF6A /* FYShowSB.storyboard */,
				1BDA17FA1F7C89870053DF6A /* FYShowSB.swift */,
			);
			path = IB;
			sourceTree = "<group>";
		};
		1B80AF761F6CD4D9007526D5 /* FYFPS */ = {
			isa = PBXGroup;
			children = (
				1B80AF771F6CD4D9007526D5 /* FYFPS.h */,
				1B80AF781F6CD4D9007526D5 /* FYFPS.m */,
				1B80AF791F6CD4D9007526D5 /* UIWindow+FPS.h */,
				1B80AF7A1F6CD4D9007526D5 /* UIWindow+FPS.m */,
			);
			path = FYFPS;
			sourceTree = "<group>";
		};
		1BDA17E21F7C86040053DF6A /* QRCode */ = {
			isa = PBXGroup;
			children = (
				1BDA17E31F7C86040053DF6A /* FYScanerCardViewController.h */,
				1BDA17E41F7C86040053DF6A /* FYScanerCardViewController.m */,
				1BDA17E51F7C86040053DF6A /* FYScanner.bundle */,
				1BDA17E61F7C86040053DF6A /* FYScanner.h */,
				1BDA17E71F7C86040053DF6A /* FYScanner.m */,
				1BDA17E81F7C86040053DF6A /* FYScannerBorder.h */,
				1BDA17E91F7C86040053DF6A /* FYScannerBorder.m */,
				1BDA17EA1F7C86040053DF6A /* FYScannerController.h */,
				1BDA17EB1F7C86040053DF6A /* FYScannerController.m */,
				1BDA17EC1F7C86040053DF6A /* FYScannerMaskView.h */,
				1BDA17ED1F7C86040053DF6A /* FYScannerMaskView.m */,
				1BDA17EE1F7C86040053DF6A /* FYScannerViewController.h */,
				1BDA17EF1F7C86040053DF6A /* FYScannerViewController.m */,
			);
			path = QRCode;
			sourceTree = "<group>";
		};
		1BDA17FF1F7C8F2F0053DF6A /* TQStarRating */ = {
			isa = PBXGroup;
			children = (
				1BDA18001F7C8F2F0053DF6A /* Image */,
				1BDA18051F7C8F2F0053DF6A /* TQStarRatingView.h */,
				1BDA18061F7C8F2F0053DF6A /* TQStarRatingView.m */,
			);
			path = TQStarRating;
			sourceTree = "<group>";
		};
		1BDA18001F7C8F2F0053DF6A /* Image */ = {
			isa = PBXGroup;
			children = (
				1BDA18011F7C8F2F0053DF6A /* backgroundStar.png */,
				1BDA18021F7C8F2F0053DF6A /* backgroundStar@2x.png */,
				1BDA18031F7C8F2F0053DF6A /* foregroundStar.png */,
				1BDA18041F7C8F2F0053DF6A /* foregroundStar@2x.png */,
			);
			path = Image;
			sourceTree = "<group>";
		};
		1BE5AD0F1F74A3E9001B5E64 /* SDCycleScrollView */ = {
			isa = PBXGroup;
			children = (
				1BE5AD101F74A3E9001B5E64 /* PageControl */,
				1BE5AD191F74A3E9001B5E64 /* SDCollectionViewCell.h */,
				1BE5AD1A1F74A3E9001B5E64 /* SDCollectionViewCell.m */,
				1BE5AD1B1F74A3E9001B5E64 /* SDCycleScrollView.h */,
				1BE5AD1C1F74A3E9001B5E64 /* SDCycleScrollView.m */,
				1BE5AD1D1F74A3E9001B5E64 /* UIView+SDExtension.h */,
				1BE5AD1E1F74A3E9001B5E64 /* UIView+SDExtension.m */,
			);
			path = SDCycleScrollView;
			sourceTree = "<group>";
		};
		1BE5AD101F74A3E9001B5E64 /* PageControl */ = {
			isa = PBXGroup;
			children = (
				1BE5AD111F74A3E9001B5E64 /* TAAbstractDotView.h */,
				1BE5AD121F74A3E9001B5E64 /* TAAbstractDotView.m */,
				1BE5AD131F74A3E9001B5E64 /* TAAnimatedDotView.h */,
				1BE5AD141F74A3E9001B5E64 /* TAAnimatedDotView.m */,
				1BE5AD151F74A3E9001B5E64 /* TADotView.h */,
				1BE5AD161F74A3E9001B5E64 /* TADotView.m */,
				1BE5AD171F74A3E9001B5E64 /* TAPageControl.h */,
				1BE5AD181F74A3E9001B5E64 /* TAPageControl.m */,
			);
			path = PageControl;
			sourceTree = "<group>";
		};
		1BF3472B1F762DD300475472 /* XLImageViewer */ = {
			isa = PBXGroup;
			children = (
				1BF3472C1F762DD300475472 /* XLImageLoading.h */,
				1BF3472D1F762DD300475472 /* XLImageLoading.m */,
				1BF3472E1F762DD300475472 /* XLImageViewer.h */,
				1BF3472F1F762DD300475472 /* XLImageViewer.m */,
				1BF347301F762DD300475472 /* XLImageViewerItem.h */,
				1BF347311F762DD300475472 /* XLImageViewerItem.m */,
				1BF347321F762DD300475472 /* XLImageViewerTooBar.h */,
				1BF347331F762DD300475472 /* XLImageViewerTooBar.m */,
			);
			path = XLImageViewer;
			sourceTree = "<group>";
		};
		61D402C65F76D8EE470147D9 /* Pods */ = {
			isa = PBXGroup;
			children = (
				628F35180C8B4FB922D754E5 /* Pods-FYAPPS.debug.xcconfig */,
				F6F71154783C218EED5567E5 /* Pods-FYAPPS.release.xcconfig */,
			);
			name = Pods;
			sourceTree = "<group>";
		};
/* End PBXGroup section */

/* Begin PBXNativeTarget section */
		144D88631F6BE3E300313DBC /* FYAPPS */ = {
			isa = PBXNativeTarget;
			buildConfigurationList = 144D88791F6BE3E400313DBC /* Build configuration list for PBXNativeTarget "FYAPPS" */;
			buildPhases = (
				59F12CBDD43D7DD3F9A72127 /* [CP] Check Pods Manifest.lock */,
				144D88601F6BE3E300313DBC /* Sources */,
				144D88611F6BE3E300313DBC /* Frameworks */,
				144D88621F6BE3E300313DBC /* Resources */,
				ED8D6E55B400E38210579E6E /* [CP] Embed Pods Frameworks */,
				BF01C9555BACA746BF994A34 /* [CP] Copy Pods Resources */,
			);
			buildRules = (
			);
			dependencies = (
			);
			name = FYAPPS;
			productName = FYAPPS;
			productReference = 144D88641F6BE3E300313DBC /* FYAPPS.app */;
			productType = "com.apple.product-type.application";
		};
/* End PBXNativeTarget section */

/* Begin PBXProject section */
		144D885C1F6BE3E300313DBC /* Project object */ = {
			isa = PBXProject;
			attributes = {
				LastSwiftUpdateCheck = 0830;
				LastUpgradeCheck = 0830;
				ORGANIZATIONNAME = FengYu;
				TargetAttributes = {
					144D88631F6BE3E300313DBC = {
						CreatedOnToolsVersion = 8.3.3;
						DevelopmentTeam = FS9QQ7PZM7;
						ProvisioningStyle = Automatic;
					};
				};
			};
			buildConfigurationList = 144D885F1F6BE3E300313DBC /* Build configuration list for PBXProject "FYAPPS" */;
			compatibilityVersion = "Xcode 3.2";
			developmentRegion = English;
			hasScannedForEncodings = 0;
			knownRegions = (
				en,
				Base,
			);
			mainGroup = 144D885B1F6BE3E300313DBC;
			productRefGroup = 144D88651F6BE3E300313DBC /* Products */;
			projectDirPath = "";
			projectRoot = "";
			targets = (
				144D88631F6BE3E300313DBC /* FYAPPS */,
			);
		};
/* End PBXProject section */

/* Begin PBXResourcesBuildPhase section */
		144D88621F6BE3E300313DBC /* Resources */ = {
			isa = PBXResourcesBuildPhase;
			buildActionMask = 2147483647;
			files = (
				144D88751F6BE3E400313DBC /* LaunchScreen.storyboard in Resources */,
				1BDA17F11F7C86040053DF6A /* FYScanner.bundle in Resources */,
				1BDA18091F7C8F2F0053DF6A /* foregroundStar.png in Resources */,
				144D88721F6BE3E400313DBC /* Assets.xcassets in Resources */,
				1BDA18081F7C8F2F0053DF6A /* backgroundStar@2x.png in Resources */,
				1BDA180A1F7C8F2F0053DF6A /* foregroundStar@2x.png in Resources */,
				1BDA18071F7C8F2F0053DF6A /* backgroundStar.png in Resources */,
				1BDA17FD1F7C89870053DF6A /* FYShowSB.storyboard in Resources */,
				144D886D1F6BE3E400313DBC /* Main.storyboard in Resources */,
			);
			runOnlyForDeploymentPostprocessing = 0;
		};
/* End PBXResourcesBuildPhase section */

/* Begin PBXShellScriptBuildPhase section */
		59F12CBDD43D7DD3F9A72127 /* [CP] Check Pods Manifest.lock */ = {
			isa = PBXShellScriptBuildPhase;
			buildActionMask = 2147483647;
			files = (
			);
			inputPaths = (
				"${PODS_PODFILE_DIR_PATH}/Podfile.lock",
				"${PODS_ROOT}/Manifest.lock",
			);
			name = "[CP] Check Pods Manifest.lock";
			outputPaths = (
				"$(DERIVED_FILE_DIR)/Pods-FYAPPS-checkManifestLockResult.txt",
			);
			runOnlyForDeploymentPostprocessing = 0;
			shellPath = /bin/sh;
			shellScript = "diff \"${PODS_PODFILE_DIR_PATH}/Podfile.lock\" \"${PODS_ROOT}/Manifest.lock\" > /dev/null\nif [ $? != 0 ] ; then\n    # print error to STDERR\n    echo \"error: The sandbox is not in sync with the Podfile.lock. Run 'pod install' or update your CocoaPods installation.\" >&2\n    exit 1\nfi\n# This output is used by Xcode 'outputs' to avoid re-running this script phase.\necho \"SUCCESS\" > \"${SCRIPT_OUTPUT_FILE_0}\"\n";
			showEnvVarsInLog = 0;
		};
		BF01C9555BACA746BF994A34 /* [CP] Copy Pods Resources */ = {
			isa = PBXShellScriptBuildPhase;
			buildActionMask = 2147483647;
			files = (
			);
			inputPaths = (
			);
			name = "[CP] Copy Pods Resources";
			outputPaths = (
			);
			runOnlyForDeploymentPostprocessing = 0;
			shellPath = /bin/sh;
			shellScript = "\"${SRCROOT}/Pods/Target Support Files/Pods-FYAPPS/Pods-FYAPPS-resources.sh\"\n";
			showEnvVarsInLog = 0;
		};
		ED8D6E55B400E38210579E6E /* [CP] Embed Pods Frameworks */ = {
			isa = PBXShellScriptBuildPhase;
			buildActionMask = 2147483647;
			files = (
			);
			inputPaths = (
				"${SRCROOT}/Pods/Target Support Files/Pods-FYAPPS/Pods-FYAPPS-frameworks.sh",
				"${BUILT_PRODUCTS_DIR}/Alamofire/Alamofire.framework",
				"${BUILT_PRODUCTS_DIR}/Kingfisher/Kingfisher.framework",
				"${BUILT_PRODUCTS_DIR}/MBProgressHUD/MBProgressHUD.framework",
				"${BUILT_PRODUCTS_DIR}/MJRefresh/MJRefresh.framework",
				"${BUILT_PRODUCTS_DIR}/ObjectMapper/ObjectMapper.framework",
				"${BUILT_PRODUCTS_DIR}/SDWebImage/SDWebImage.framework",
			);
			name = "[CP] Embed Pods Frameworks";
			outputPaths = (
				"${TARGET_BUILD_DIR}/${FRAMEWORKS_FOLDER_PATH}/Alamofire.framework",
				"${TARGET_BUILD_DIR}/${FRAMEWORKS_FOLDER_PATH}/Kingfisher.framework",
				"${TARGET_BUILD_DIR}/${FRAMEWORKS_FOLDER_PATH}/MBProgressHUD.framework",
				"${TARGET_BUILD_DIR}/${FRAMEWORKS_FOLDER_PATH}/MJRefresh.framework",
				"${TARGET_BUILD_DIR}/${FRAMEWORKS_FOLDER_PATH}/ObjectMapper.framework",
				"${TARGET_BUILD_DIR}/${FRAMEWORKS_FOLDER_PATH}/SDWebImage.framework",
			);
			runOnlyForDeploymentPostprocessing = 0;
			shellPath = /bin/sh;
			shellScript = "\"${SRCROOT}/Pods/Target Support Files/Pods-FYAPPS/Pods-FYAPPS-frameworks.sh\"\n";
			showEnvVarsInLog = 0;
		};
/* End PBXShellScriptBuildPhase section */

/* Begin PBXSourcesBuildPhase section */
		144D88601F6BE3E300313DBC /* Sources */ = {
			isa = PBXSourcesBuildPhase;
			buildActionMask = 2147483647;
			files = (
				1BE5AD251F74A3E9001B5E64 /* UIView+SDExtension.m in Sources */,
				144D88BB1F6C321800313DBC /* color+extension.swift in Sources */,
				1B80AF8F1F6D1016007526D5 /* UITextField+extension.swift in Sources */,
				144D88BC1F6C321800313DBC /* Date+extension.swift in Sources */,
				144D888E1F6C026E00313DBC /* FYRefresh.swift in Sources */,
				144D88701F6BE3E400313DBC /* FYAPPS.xcdatamodeld in Sources */,
				1B80AF571F6C47D0007526D5 /* UIResponder+extension.swift in Sources */,
				1B80AF821F6CDE2D007526D5 /* String+extension.swift in Sources */,
				1BDA17F61F7C86040053DF6A /* FYScannerViewController.m in Sources */,
				144D88BD1F6C321800313DBC /* Device+extension.swift in Sources */,
				1B80AF801F6CDB3A007526D5 /* scrollView+extension.swift in Sources */,
				144D88C01F6C321800313DBC /* UIButton+extension.swift in Sources */,
				1BE5AD0B1F74A37A001B5E64 /* FYSize.m in Sources */,
				1BDA17F31F7C86040053DF6A /* FYScannerBorder.m in Sources */,
				1BE5AD221F74A3E9001B5E64 /* TAPageControl.m in Sources */,
				144D88AC1F6C31AC00313DBC /* FYDevice.swift in Sources */,
				144D88D11F6C3B8300313DBC /* UIViewController+FYViewController.m in Sources */,
				1B80AF861F6CE501007526D5 /* FYTableViewCell.swift in Sources */,
				144D88891F6BF7A500313DBC /* FYNetwork.swift in Sources */,
				144D88C21F6C321800313DBC /* UITableView+extension.swift in Sources */,
				1BF347361F762DD300475472 /* XLImageViewerItem.m in Sources */,
				1B80AF7E1F6CD7F2007526D5 /* navigationController+extension.swift in Sources */,
				1BF347371F762DD300475472 /* XLImageViewerTooBar.m in Sources */,
				144D88C31F6C321800313DBC /* UIView+extension.swift in Sources */,
				1BF347341F762DD300475472 /* XLImageLoading.m in Sources */,
				1BDA17F21F7C86040053DF6A /* FYScanner.m in Sources */,
				1B80AF841F6CE13A007526D5 /* tabBarController+extension.swift in Sources */,
				1BDA17FC1F7C89870053DF6A /* FYShowOKVC2.swift in Sources */,
				1BE5AD211F74A3E9001B5E64 /* TADotView.m in Sources */,
				144D88BA1F6C321800313DBC /* CADisplayLink+extension.swift in Sources */,
				144D88C41F6C321800313DBC /* UIViewController+extension.swift in Sources */,
				1BDA17F01F7C86040053DF6A /* FYScanerCardViewController.m in Sources */,
				144D88BF1F6C321800313DBC /* Timer+extension.swift in Sources */,
				1BDA17F51F7C86040053DF6A /* FYScannerMaskView.m in Sources */,
				144D88871F6BF6FB00313DBC /* FYLen.swift in Sources */,
				1B80AF7B1F6CD4D9007526D5 /* FYFPS.m in Sources */,
				1BDA17F41F7C86040053DF6A /* FYScannerController.m in Sources */,
				1B80AF751F6CD45F007526D5 /* NSString+hash.m in Sources */,
				1B80AF8B1F6CE709007526D5 /* UIImage+extension.swift in Sources */,
				144D88CE1F6C381200313DBC /* FYGCD.m in Sources */,
				144D886A1F6BE3E300313DBC /* ViewController.swift in Sources */,
				144D88841F6BF58200313DBC /* Common.swift in Sources */,
				1BDA17FE1F7C89870053DF6A /* FYShowSB.swift in Sources */,
				1BE5AD241F74A3E9001B5E64 /* SDCycleScrollView.m in Sources */,
				1BDA180B1F7C8F2F0053DF6A /* TQStarRatingView.m in Sources */,
				1B80AF721F6CCEC2007526D5 /* UICollectionView+extension.swift in Sources */,
				1BE5AD081F74A329001B5E64 /* DistanceStarView.m in Sources */,
				1BE5AD231F74A3E9001B5E64 /* SDCollectionViewCell.m in Sources */,
				144D88A01F6C1A0200313DBC /* UIImageView+extension.swift in Sources */,
				1BE5AD201F74A3E9001B5E64 /* TAAnimatedDotView.m in Sources */,
				1BDA17FB1F7C89870053DF6A /* FYShowOKVC1.swift in Sources */,
				144D88BE1F6C321800313DBC /* notification+extension.swift in Sources */,
				144D88681F6BE3E300313DBC /* AppDelegate.swift in Sources */,
				1BE5AD0E1F74A3B7001B5E64 /* EwenCopyLabel.m in Sources */,
				1BF347351F762DD300475472 /* XLImageViewer.m in Sources */,
				144D88C71F6C327A00313DBC /* UILabel+extension.swift in Sources */,
				1B00B74C1F7329130072E674 /* FYTextBtnCell.swift in Sources */,
				1B80AF891F6CE5FF007526D5 /* UIAlertController+FYAlertController.m in Sources */,
				1B80AF7C1F6CD4D9007526D5 /* UIWindow+FPS.m in Sources */,
				1BDA17E11F7C826B0053DF6A /* FYViewController.swift in Sources */,
				1B80AF8D1F6D0FB1007526D5 /* UIScreen+extension.swift in Sources */,
				1B80AF5A1F6C48E1007526D5 /* FYCollectionViewFlowLayout.swift in Sources */,
				1BE5AD1F1F74A3E9001B5E64 /* TAAbstractDotView.m in Sources */,
				144D88CB1F6C338E00313DBC /* FYUserDefault.swift in Sources */,
			);
			runOnlyForDeploymentPostprocessing = 0;
		};
/* End PBXSourcesBuildPhase section */

/* Begin PBXVariantGroup section */
		144D886B1F6BE3E300313DBC /* Main.storyboard */ = {
			isa = PBXVariantGroup;
			children = (
				144D886C1F6BE3E300313DBC /* Base */,
			);
			name = Main.storyboard;
			sourceTree = "<group>";
		};
		144D88731F6BE3E400313DBC /* LaunchScreen.storyboard */ = {
			isa = PBXVariantGroup;
			children = (
				144D88741F6BE3E400313DBC /* Base */,
			);
			name = LaunchScreen.storyboard;
			sourceTree = "<group>";
		};
/* End PBXVariantGroup section */

/* Begin XCBuildConfiguration section */
		144D88771F6BE3E400313DBC /* Debug */ = {
			isa = XCBuildConfiguration;
			buildSettings = {
				ALWAYS_SEARCH_USER_PATHS = NO;
				CLANG_ANALYZER_NONNULL = YES;
				CLANG_ANALYZER_NUMBER_OBJECT_CONVERSION = YES_AGGRESSIVE;
				CLANG_CXX_LANGUAGE_STANDARD = "gnu++0x";
				CLANG_CXX_LIBRARY = "libc++";
				CLANG_ENABLE_MODULES = YES;
				CLANG_ENABLE_OBJC_ARC = YES;
				CLANG_WARN_BOOL_CONVERSION = YES;
				CLANG_WARN_CONSTANT_CONVERSION = YES;
				CLANG_WARN_DIRECT_OBJC_ISA_USAGE = YES_ERROR;
				CLANG_WARN_DOCUMENTATION_COMMENTS = YES;
				CLANG_WARN_EMPTY_BODY = YES;
				CLANG_WARN_ENUM_CONVERSION = YES;
				CLANG_WARN_INFINITE_RECURSION = YES;
				CLANG_WARN_INT_CONVERSION = YES;
				CLANG_WARN_OBJC_ROOT_CLASS = YES_ERROR;
				CLANG_WARN_SUSPICIOUS_MOVE = YES;
				CLANG_WARN_UNREACHABLE_CODE = YES;
				CLANG_WARN__DUPLICATE_METHOD_MATCH = YES;
				"CODE_SIGN_IDENTITY[sdk=iphoneos*]" = "iPhone Developer";
				COPY_PHASE_STRIP = NO;
				DEBUG_INFORMATION_FORMAT = dwarf;
				ENABLE_STRICT_OBJC_MSGSEND = YES;
				ENABLE_TESTABILITY = YES;
				GCC_C_LANGUAGE_STANDARD = gnu99;
				GCC_DYNAMIC_NO_PIC = NO;
				GCC_NO_COMMON_BLOCKS = YES;
				GCC_OPTIMIZATION_LEVEL = 0;
				GCC_PREPROCESSOR_DEFINITIONS = (
					"DEBUG=1",
					"$(inherited)",
				);
				GCC_WARN_64_TO_32_BIT_CONVERSION = YES;
				GCC_WARN_ABOUT_RETURN_TYPE = YES_ERROR;
				GCC_WARN_UNDECLARED_SELECTOR = YES;
				GCC_WARN_UNINITIALIZED_AUTOS = YES_AGGRESSIVE;
				GCC_WARN_UNUSED_FUNCTION = YES;
				GCC_WARN_UNUSED_VARIABLE = YES;
				IPHONEOS_DEPLOYMENT_TARGET = 10.3;
				MTL_ENABLE_DEBUG_INFO = YES;
				ONLY_ACTIVE_ARCH = YES;
				SDKROOT = iphoneos;
				SWIFT_ACTIVE_COMPILATION_CONDITIONS = DEBUG;
				SWIFT_OPTIMIZATION_LEVEL = "-Onone";
				TARGETED_DEVICE_FAMILY = "1,2";
			};
			name = Debug;
		};
		144D88781F6BE3E400313DBC /* Release */ = {
			isa = XCBuildConfiguration;
			buildSettings = {
				ALWAYS_SEARCH_USER_PATHS = NO;
				CLANG_ANALYZER_NONNULL = YES;
				CLANG_ANALYZER_NUMBER_OBJECT_CONVERSION = YES_AGGRESSIVE;
				CLANG_CXX_LANGUAGE_STANDARD = "gnu++0x";
				CLANG_CXX_LIBRARY = "libc++";
				CLANG_ENABLE_MODULES = YES;
				CLANG_ENABLE_OBJC_ARC = YES;
				CLANG_WARN_BOOL_CONVERSION = YES;
				CLANG_WARN_CONSTANT_CONVERSION = YES;
				CLANG_WARN_DIRECT_OBJC_ISA_USAGE = YES_ERROR;
				CLANG_WARN_DOCUMENTATION_COMMENTS = YES;
				CLANG_WARN_EMPTY_BODY = YES;
				CLANG_WARN_ENUM_CONVERSION = YES;
				CLANG_WARN_INFINITE_RECURSION = YES;
				CLANG_WARN_INT_CONVERSION = YES;
				CLANG_WARN_OBJC_ROOT_CLASS = YES_ERROR;
				CLANG_WARN_SUSPICIOUS_MOVE = YES;
				CLANG_WARN_UNREACHABLE_CODE = YES;
				CLANG_WARN__DUPLICATE_METHOD_MATCH = YES;
				"CODE_SIGN_IDENTITY[sdk=iphoneos*]" = "iPhone Developer";
				COPY_PHASE_STRIP = NO;
				DEBUG_INFORMATION_FORMAT = "dwarf-with-dsym";
				ENABLE_NS_ASSERTIONS = NO;
				ENABLE_STRICT_OBJC_MSGSEND = YES;
				GCC_C_LANGUAGE_STANDARD = gnu99;
				GCC_NO_COMMON_BLOCKS = YES;
				GCC_WARN_64_TO_32_BIT_CONVERSION = YES;
				GCC_WARN_ABOUT_RETURN_TYPE = YES_ERROR;
				GCC_WARN_UNDECLARED_SELECTOR = YES;
				GCC_WARN_UNINITIALIZED_AUTOS = YES_AGGRESSIVE;
				GCC_WARN_UNUSED_FUNCTION = YES;
				GCC_WARN_UNUSED_VARIABLE = YES;
				IPHONEOS_DEPLOYMENT_TARGET = 10.3;
				MTL_ENABLE_DEBUG_INFO = NO;
				SDKROOT = iphoneos;
				SWIFT_OPTIMIZATION_LEVEL = "-Owholemodule";
				TARGETED_DEVICE_FAMILY = "1,2";
				VALIDATE_PRODUCT = YES;
			};
			name = Release;
		};
		144D887A1F6BE3E400313DBC /* Debug */ = {
			isa = XCBuildConfiguration;
			baseConfigurationReference = 628F35180C8B4FB922D754E5 /* Pods-FYAPPS.debug.xcconfig */;
			buildSettings = {
				ASSETCATALOG_COMPILER_APPICON_NAME = AppIcon;
				DEVELOPMENT_TEAM = FS9QQ7PZM7;
				INFOPLIST_FILE = FYAPPS/Info.plist;
				IPHONEOS_DEPLOYMENT_TARGET = 9.0;
				LD_RUNPATH_SEARCH_PATHS = "$(inherited) @executable_path/Frameworks";
				PRODUCT_BUNDLE_IDENTIFIER = FengYu.FYAPPS;
				PRODUCT_NAME = "$(TARGET_NAME)";
				SWIFT_OBJC_BRIDGING_HEADER = FYAPPS/FYAPPS/Common/bridgeHeader.h;
				SWIFT_VERSION = 3.0;
			};
			name = Debug;
		};
		144D887B1F6BE3E400313DBC /* Release */ = {
			isa = XCBuildConfiguration;
			baseConfigurationReference = F6F71154783C218EED5567E5 /* Pods-FYAPPS.release.xcconfig */;
			buildSettings = {
				ASSETCATALOG_COMPILER_APPICON_NAME = AppIcon;
				DEVELOPMENT_TEAM = FS9QQ7PZM7;
				INFOPLIST_FILE = FYAPPS/Info.plist;
				IPHONEOS_DEPLOYMENT_TARGET = 9.0;
				LD_RUNPATH_SEARCH_PATHS = "$(inherited) @executable_path/Frameworks";
				PRODUCT_BUNDLE_IDENTIFIER = FengYu.FYAPPS;
				PRODUCT_NAME = "$(TARGET_NAME)";
				SWIFT_OBJC_BRIDGING_HEADER = FYAPPS/FYAPPS/Common/bridgeHeader.h;
				SWIFT_VERSION = 3.0;
			};
			name = Release;
		};
/* End XCBuildConfiguration section */

/* Begin XCConfigurationList section */
		144D885F1F6BE3E300313DBC /* Build configuration list for PBXProject "FYAPPS" */ = {
			isa = XCConfigurationList;
			buildConfigurations = (
				144D88771F6BE3E400313DBC /* Debug */,
				144D88781F6BE3E400313DBC /* Release */,
			);
			defaultConfigurationIsVisible = 0;
			defaultConfigurationName = Release;
		};
		144D88791F6BE3E400313DBC /* Build configuration list for PBXNativeTarget "FYAPPS" */ = {
			isa = XCConfigurationList;
			buildConfigurations = (
				144D887A1F6BE3E400313DBC /* Debug */,
				144D887B1F6BE3E400313DBC /* Release */,
			);
			defaultConfigurationIsVisible = 0;
			defaultConfigurationName = Release;
		};
/* End XCConfigurationList section */

/* Begin XCVersionGroup section */
		144D886E1F6BE3E400313DBC /* FYAPPS.xcdatamodeld */ = {
			isa = XCVersionGroup;
			children = (
				144D886F1F6BE3E400313DBC /* FYAPPS.xcdatamodel */,
			);
			currentVersion = 144D886F1F6BE3E400313DBC /* FYAPPS.xcdatamodel */;
			path = FYAPPS.xcdatamodeld;
			sourceTree = "<group>";
			versionGroupType = wrapper.xcdatamodel;
		};
/* End XCVersionGroup section */
	};
	rootObject = 144D885C1F6BE3E300313DBC /* Project object */;
}
